
Microsoft Visual Studio Solution File, Format Version 12.00
# Visual Studio 15
VisualStudioVersion = 15.0.27130.2010
MinimumVisualStudioVersion = 10.0.40219.1
Project("{FAE04EC0-301F-11D3-BF4B-00C04F79EFBC}") = "async-await-demo", "async-await-demo\async-await-demo.csproj", "{02F71CC0-0376-4D70-B6A6-60AAA1820D25}"
EndProject
Project("{FAE04EC0-301F-11D3-BF4B-00C04F79EFBC}") = "OwnException", "OwnException\OwnException.csproj", "{854844C4-C58F-4BA4-B0EA-73E9F334F355}"
EndProject
Project("{FAE04EC0-301F-11D3-BF4B-00C04F79EFBC}") = "decompile source", "Decomp1\decompile source.csproj", "{77519CB4-310F-45E3-BFF7-21BF07ED9AB8}"
EndProject
Project("{9A19103F-16F7-4668-BE54-9A1E7A4F7556}") = "core controllers test", "Async-await-controllers\core controllers test.csproj", "{B47A7F28-95F3-4F0A-B4D2-055A938980B3}"
EndProject
Project("{FAE04EC0-301F-11D3-BF4B-00C04F79EFBC}") = "old web api", "mvc\old web api.csproj", "{4076E80E-9877-4C98-BA4E-5BB033BD6C2F}"
EndProject
Global
	GlobalSection(SolutionConfigurationPlatforms) = preSolution
		Debug|Any CPU = Debug|Any CPU
		Release|Any CPU = Release|Any CPU
	EndGlobalSection
	GlobalSection(ProjectConfigurationPlatforms) = postSolution
		{02F71CC0-0376-4D70-B6A6-60AAA1820D25}.Debug|Any CPU.ActiveCfg = Debug|Any CPU
		{02F71CC0-0376-4D70-B6A6-60AAA1820D25}.Debug|Any CPU.Build.0 = Debug|Any CPU
		{02F71CC0-0376-4D70-B6A6-60AAA1820D25}.Release|Any CPU.ActiveCfg = Release|Any CPU
		{02F71CC0-0376-4D70-B6A6-60AAA1820D25}.Release|Any CPU.Build.0 = Release|Any CPU
		{854844C4-C58F-4BA4-B0EA-73E9F334F355}.Debug|Any CPU.ActiveCfg = Debug|Any CPU
		{854844C4-C58F-4BA4-B0EA-73E9F334F355}.Debug|Any CPU.Build.0 = Debug|Any CPU
		{854844C4-C58F-4BA4-B0EA-73E9F334F355}.Release|Any CPU.ActiveCfg = Release|Any CPU
		{854844C4-C58F-4BA4-B0EA-73E9F334F355}.Release|Any CPU.Build.0 = Release|Any CPU
		{77519CB4-310F-45E3-BFF7-21BF07ED9AB8}.Debug|Any CPU.ActiveCfg = Debug|Any CPU
		{77519CB4-310F-45E3-BFF7-21BF07ED9AB8}.Debug|Any CPU.Build.0 = Debug|Any CPU
		{77519CB4-310F-45E3-BFF7-21BF07ED9AB8}.Release|Any CPU.ActiveCfg = Release|Any CPU
		{77519CB4-310F-45E3-BFF7-21BF07ED9AB8}.Release|Any CPU.Build.0 = Release|Any CPU
		{B47A7F28-95F3-4F0A-B4D2-055A938980B3}.Debug|Any CPU.ActiveCfg = Debug|Any CPU
		{B47A7F28-95F3-4F0A-B4D2-055A938980B3}.Debug|Any CPU.Build.0 = Debug|Any CPU
		{B47A7F28-95F3-4F0A-B4D2-055A938980B3}.Release|Any CPU.ActiveCfg = Release|Any CPU
		{B47A7F28-95F3-4F0A-B4D2-055A938980B3}.Release|Any CPU.Build.0 = Release|Any CPU
		{4076E80E-9877-4C98-BA4E-5BB033BD6C2F}.Debug|Any CPU.ActiveCfg = Debug|Any CPU
		{4076E80E-9877-4C98-BA4E-5BB033BD6C2F}.Debug|Any CPU.Build.0 = Debug|Any CPU
		{4076E80E-9877-4C98-BA4E-5BB033BD6C2F}.Release|Any CPU.ActiveCfg = Release|Any CPU
		{4076E80E-9877-4C98-BA4E-5BB033BD6C2F}.Release|Any CPU.Build.0 = Release|Any CPU
	EndGlobalSection
	GlobalSection(SolutionProperties) = preSolution
		HideSolutionNode = FALSE
	EndGlobalSection
	GlobalSection(ExtensibilityGlobals) = postSolution
		SolutionGuid = {9D3C1D7A-F42D-4C9C-8541-2D3540E895D3}
	EndGlobalSection
EndGlobal
